
Microsoft Visual Studio Solution File, Format Version 10.00
# Visual Studio 2008
Project("{8BC9CEB8-8B4A-11D0-8D11-00A0C91BC942}") = "Weaver", "Weaver.vcproj", "{51A6A483-D465-4B01-BC01-EEE762380E12}"
	ProjectSection(ProjectDependencies) = postProject
		{8805881E-293C-414B-8CE4-60164E49788B} = {8805881E-293C-414B-8CE4-60164E49788B}
		{6A25B323-1C85-4BDB-BAEE-F5F9A937674B} = {6A25B323-1C85-4BDB-BAEE-F5F9A937674B}
		{CDB168B9-42D6-4413-8055-31E2B542CAF8} = {CDB168B9-42D6-4413-8055-31E2B542CAF8}
		{BD732CBE-5E2C-4023-8D19-B7C4002158F1} = {BD732CBE-5E2C-4023-8D19-B7C4002158F1}
		{0DA386FE-F850-47A8-A73A-07FDE2E6DE10} = {0DA386FE-F850-47A8-A73A-07FDE2E6DE10}
	EndProjectSection
EndProject
Project("{8BC9CEB8-8B4A-11D0-8D11-00A0C91BC942}") = "Core", "..\Core\Core.vcproj", "{6A25B323-1C85-4BDB-BAEE-F5F9A937674B}"
EndProject
Project("{8BC9CEB8-8B4A-11D0-8D11-00A0C91BC942}") = "MoMa", "..\MoMa\MoMa.vcproj", "{BD732CBE-5E2C-4023-8D19-B7C4002158F1}"
	ProjectSection(ProjectDependencies) = postProject
		{6A25B323-1C85-4BDB-BAEE-F5F9A937674B} = {6A25B323-1C85-4BDB-BAEE-F5F9A937674B}
		{0DA386FE-F850-47A8-A73A-07FDE2E6DE10} = {0DA386FE-F850-47A8-A73A-07FDE2E6DE10}
	EndProjectSection
EndProject
Project("{8BC9CEB8-8B4A-11D0-8D11-00A0C91BC942}") = "OgreApp", "..\OgreApp\OgreApp.vcproj", "{0DA386FE-F850-47A8-A73A-07FDE2E6DE10}"
	ProjectSection(ProjectDependencies) = postProject
		{6A25B323-1C85-4BDB-BAEE-F5F9A937674B} = {6A25B323-1C85-4BDB-BAEE-F5F9A937674B}
	EndProjectSection
EndProject
Project("{8BC9CEB8-8B4A-11D0-8D11-00A0C91BC942}") = "Network", "..\Network\Network.vcproj", "{CDB168B9-42D6-4413-8055-31E2B542CAF8}"
	ProjectSection(ProjectDependencies) = postProject
		{6A25B323-1C85-4BDB-BAEE-F5F9A937674B} = {6A25B323-1C85-4BDB-BAEE-F5F9A937674B}
	EndProjectSection
EndProject
Project("{8BC9CEB8-8B4A-11D0-8D11-00A0C91BC942}") = "CMSDK", "..\CMSDK\CMSDK.vs2008.vcproj", "{8805881E-293C-414B-8CE4-60164E49788B}"
EndProject
Project("{8BC9CEB8-8B4A-11D0-8D11-00A0C91BC942}") = "Speech", "..\Speech\Speech.vcproj", "{9ABAFDB6-9697-4E4B-B268-06D06F94483A}"
	ProjectSection(ProjectDependencies) = postProject
		{6A25B323-1C85-4BDB-BAEE-F5F9A937674B} = {6A25B323-1C85-4BDB-BAEE-F5F9A937674B}
	EndProjectSection
EndProject
Global
	GlobalSection(SolutionConfigurationPlatforms) = preSolution
		Debug|Win32 = Debug|Win32
		Debug|x64 = Debug|x64
		Release|Win32 = Release|Win32
		Release|x64 = Release|x64
	EndGlobalSection
	GlobalSection(ProjectConfigurationPlatforms) = postSolution
		{51A6A483-D465-4B01-BC01-EEE762380E12}.Debug|Win32.ActiveCfg = Debug|Win32
		{51A6A483-D465-4B01-BC01-EEE762380E12}.Debug|Win32.Build.0 = Debug|Win32
		{51A6A483-D465-4B01-BC01-EEE762380E12}.Debug|x64.ActiveCfg = Debug|Win32
		{51A6A483-D465-4B01-BC01-EEE762380E12}.Release|Win32.ActiveCfg = Release|Win32
		{51A6A483-D465-4B01-BC01-EEE762380E12}.Release|Win32.Build.0 = Release|Win32
		{51A6A483-D465-4B01-BC01-EEE762380E12}.Release|x64.ActiveCfg = Release|Win32
		{6A25B323-1C85-4BDB-BAEE-F5F9A937674B}.Debug|Win32.ActiveCfg = Debug|Win32
		{6A25B323-1C85-4BDB-BAEE-F5F9A937674B}.Debug|Win32.Build.0 = Debug|Win32
		{6A25B323-1C85-4BDB-BAEE-F5F9A937674B}.Debug|x64.ActiveCfg = Debug|Win32
		{6A25B323-1C85-4BDB-BAEE-F5F9A937674B}.Release|Win32.ActiveCfg = Release|Win32
		{6A25B323-1C85-4BDB-BAEE-F5F9A937674B}.Release|Win32.Build.0 = Release|Win32
		{6A25B323-1C85-4BDB-BAEE-F5F9A937674B}.Release|x64.ActiveCfg = Release|Win32
		{BD732CBE-5E2C-4023-8D19-B7C4002158F1}.Debug|Win32.ActiveCfg = Debug|Win32
		{BD732CBE-5E2C-4023-8D19-B7C4002158F1}.Debug|Win32.Build.0 = Debug|Win32
		{BD732CBE-5E2C-4023-8D19-B7C4002158F1}.Debug|x64.ActiveCfg = Debug|Win32
		{BD732CBE-5E2C-4023-8D19-B7C4002158F1}.Release|Win32.ActiveCfg = Release|Win32
		{BD732CBE-5E2C-4023-8D19-B7C4002158F1}.Release|Win32.Build.0 = Release|Win32
		{BD732CBE-5E2C-4023-8D19-B7C4002158F1}.Release|x64.ActiveCfg = Release|Win32
		{0DA386FE-F850-47A8-A73A-07FDE2E6DE10}.Debug|Win32.ActiveCfg = Debug|Win32
		{0DA386FE-F850-47A8-A73A-07FDE2E6DE10}.Debug|Win32.Build.0 = Debug|Win32
		{0DA386FE-F850-47A8-A73A-07FDE2E6DE10}.Debug|x64.ActiveCfg = Debug|Win32
		{0DA386FE-F850-47A8-A73A-07FDE2E6DE10}.Release|Win32.ActiveCfg = Release|Win32
		{0DA386FE-F850-47A8-A73A-07FDE2E6DE10}.Release|Win32.Build.0 = Release|Win32
		{0DA386FE-F850-47A8-A73A-07FDE2E6DE10}.Release|x64.ActiveCfg = Release|Win32
		{CDB168B9-42D6-4413-8055-31E2B542CAF8}.Debug|Win32.ActiveCfg = Debug|Win32
		{CDB168B9-42D6-4413-8055-31E2B542CAF8}.Debug|Win32.Build.0 = Debug|Win32
		{CDB168B9-42D6-4413-8055-31E2B542CAF8}.Debug|x64.ActiveCfg = Debug|Win32
		{CDB168B9-42D6-4413-8055-31E2B542CAF8}.Release|Win32.ActiveCfg = Release|Win32
		{CDB168B9-42D6-4413-8055-31E2B542CAF8}.Release|Win32.Build.0 = Release|Win32
		{CDB168B9-42D6-4413-8055-31E2B542CAF8}.Release|x64.ActiveCfg = Release|Win32
		{8805881E-293C-414B-8CE4-60164E49788B}.Debug|Win32.ActiveCfg = Debug|Win32
		{8805881E-293C-414B-8CE4-60164E49788B}.Debug|Win32.Build.0 = Debug|Win32
		{8805881E-293C-414B-8CE4-60164E49788B}.Debug|x64.ActiveCfg = Debug|x64
		{8805881E-293C-414B-8CE4-60164E49788B}.Debug|x64.Build.0 = Debug|x64
		{8805881E-293C-414B-8CE4-60164E49788B}.Release|Win32.ActiveCfg = Release|Win32
		{8805881E-293C-414B-8CE4-60164E49788B}.Release|Win32.Build.0 = Release|Win32
		{8805881E-293C-414B-8CE4-60164E49788B}.Release|x64.ActiveCfg = Release|x64
		{8805881E-293C-414B-8CE4-60164E49788B}.Release|x64.Build.0 = Release|x64
		{9ABAFDB6-9697-4E4B-B268-06D06F94483A}.Debug|Win32.ActiveCfg = Debug|Win32
		{9ABAFDB6-9697-4E4B-B268-06D06F94483A}.Debug|Win32.Build.0 = Debug|Win32
		{9ABAFDB6-9697-4E4B-B268-06D06F94483A}.Debug|x64.ActiveCfg = Debug|Win32
		{9ABAFDB6-9697-4E4B-B268-06D06F94483A}.Release|Win32.ActiveCfg = Release|Win32
		{9ABAFDB6-9697-4E4B-B268-06D06F94483A}.Release|Win32.Build.0 = Release|Win32
		{9ABAFDB6-9697-4E4B-B268-06D06F94483A}.Release|x64.ActiveCfg = Release|Win32
	EndGlobalSection
	GlobalSection(SolutionProperties) = preSolution
		HideSolutionNode = FALSE
	EndGlobalSection
EndGlobal
